// !$*UTF8*$!
{
	archiveVersion = 1;
	classes = {
	};
	objectVersion = 56;
	objects = {

/* Begin PBXBuildFile section */
		32152ECD2B76D19B00346591 /* AppDelegate.swift in Sources */ = {isa = PBXBuildFile; fileRef = 32152ECC2B76D19B00346591 /* AppDelegate.swift */; };
		32152ECF2B76D19B00346591 /* SceneDelegate.swift in Sources */ = {isa = PBXBuildFile; fileRef = 32152ECE2B76D19B00346591 /* SceneDelegate.swift */; };
		32152ED12B76D19B00346591 /* ViewController.swift in Sources */ = {isa = PBXBuildFile; fileRef = 32152ED02B76D19B00346591 /* ViewController.swift */; };
		32152ED42B76D19B00346591 /* Main.storyboard in Resources */ = {isa = PBXBuildFile; fileRef = 32152ED22B76D19B00346591 /* Main.storyboard */; };
		32152ED62B76D19D00346591 /* Assets.xcassets in Resources */ = {isa = PBXBuildFile; fileRef = 32152ED52B76D19D00346591 /* Assets.xcassets */; };
		32152ED92B76D19D00346591 /* LaunchScreen.storyboard in Resources */ = {isa = PBXBuildFile; fileRef = 32152ED72B76D19D00346591 /* LaunchScreen.storyboard */; };
		32152EF92B76EF9F00346591 /* TempConstants.swift in Sources */ = {isa = PBXBuildFile; fileRef = 32152EF32B76EF9F00346591 /* TempConstants.swift */; };
		32152EFC2B76F0CC00346591 /* HomeDataSourceManager.swift in Sources */ = {isa = PBXBuildFile; fileRef = 32152EFB2B76F0CC00346591 /* HomeDataSourceManager.swift */; };
		32152F062B76F35900346591 /* ServiceInterceptor.swift in Sources */ = {isa = PBXBuildFile; fileRef = 32152F052B76F35900346591 /* ServiceInterceptor.swift */; };
		32152F082B76F3AF00346591 /* ServiceRouter.swift in Sources */ = {isa = PBXBuildFile; fileRef = 32152F072B76F3AF00346591 /* ServiceRouter.swift */; };
		32152F0A2B77023B00346591 /* Movies.swift in Sources */ = {isa = PBXBuildFile; fileRef = 32152F092B77023B00346591 /* Movies.swift */; };
		32152F142B77460C00346591 /* LoginViewController.swift in Sources */ = {isa = PBXBuildFile; fileRef = 32152F122B77460C00346591 /* LoginViewController.swift */; };
		32152F182B774F4600346591 /* CustomTextField.swift in Sources */ = {isa = PBXBuildFile; fileRef = 32152F172B774F4600346591 /* CustomTextField.swift */; };
		32152F1A2B77E01E00346591 /* CustomButton.swift in Sources */ = {isa = PBXBuildFile; fileRef = 32152F192B77E01E00346591 /* CustomButton.swift */; };
		32152F1D2B77F93A00346591 /* LoginProtocols.swift in Sources */ = {isa = PBXBuildFile; fileRef = 32152F1C2B77F93A00346591 /* LoginProtocols.swift */; };
		32152F1F2B78061700346591 /* LoginRouter.swift in Sources */ = {isa = PBXBuildFile; fileRef = 32152F1E2B78061700346591 /* LoginRouter.swift */; };
		32152F212B78062800346591 /* LoginPresenter.swift in Sources */ = {isa = PBXBuildFile; fileRef = 32152F202B78062800346591 /* LoginPresenter.swift */; };
		32152F232B78063400346591 /* LoginInteractor.swift in Sources */ = {isa = PBXBuildFile; fileRef = 32152F222B78063400346591 /* LoginInteractor.swift */; };
		32C795B32B780CDE00237FD3 /* LoginStoryboard.storyboard in Resources */ = {isa = PBXBuildFile; fileRef = 32C795B22B780CDE00237FD3 /* LoginStoryboard.storyboard */; };
		32C795B62B782F4D00237FD3 /* MovieInfoLocalData.xcdatamodeld in Sources */ = {isa = PBXBuildFile; fileRef = 32C795B42B782F4D00237FD3 /* MovieInfoLocalData.xcdatamodeld */; };
		32C795B92B7832D600237FD3 /* LoginDataSourcesManager.swift in Sources */ = {isa = PBXBuildFile; fileRef = 32C795B82B7832D600237FD3 /* LoginDataSourcesManager.swift */; };
		32C795C12B793B5900237FD3 /* Helpers.swift in Sources */ = {isa = PBXBuildFile; fileRef = 32C795C02B793B5900237FD3 /* Helpers.swift */; };
		32C795DC2B7C1B8F00237FD3 /* HomeViewController.swift in Sources */ = {isa = PBXBuildFile; fileRef = 32C795DB2B7C1B8F00237FD3 /* HomeViewController.swift */; };
		32C795DE2B7C1B9F00237FD3 /* HomeStoryboard.storyboard in Resources */ = {isa = PBXBuildFile; fileRef = 32C795DD2B7C1B9F00237FD3 /* HomeStoryboard.storyboard */; };
		32C795E02B7C1BAD00237FD3 /* HomeProtocols.swift in Sources */ = {isa = PBXBuildFile; fileRef = 32C795DF2B7C1BAD00237FD3 /* HomeProtocols.swift */; };
		32C795E22B7C1BB900237FD3 /* HomeRouter.swift in Sources */ = {isa = PBXBuildFile; fileRef = 32C795E12B7C1BB900237FD3 /* HomeRouter.swift */; };
		32C795E42B7C1BC100237FD3 /* HomePresenter.swift in Sources */ = {isa = PBXBuildFile; fileRef = 32C795E32B7C1BC000237FD3 /* HomePresenter.swift */; };
		32C795E62B7C1BD000237FD3 /* HomeInteractor.swift in Sources */ = {isa = PBXBuildFile; fileRef = 32C795E52B7C1BD000237FD3 /* HomeInteractor.swift */; };
		32C795E82B7C2A6500237FD3 /* MoviesDetails.swift in Sources */ = {isa = PBXBuildFile; fileRef = 32C795E72B7C2A6500237FD3 /* MoviesDetails.swift */; };
		32C795EB2B7C2C3C00237FD3 /* Connectivity.swift in Sources */ = {isa = PBXBuildFile; fileRef = 32C795EA2B7C2C3C00237FD3 /* Connectivity.swift */; };
		32C795EE2B7C3BF200237FD3 /* MovieTableViewCell.swift in Sources */ = {isa = PBXBuildFile; fileRef = 32C795EC2B7C3BF200237FD3 /* MovieTableViewCell.swift */; };
		32C795EF2B7C3BF200237FD3 /* MovieTableViewCell.xib in Resources */ = {isa = PBXBuildFile; fileRef = 32C795ED2B7C3BF200237FD3 /* MovieTableViewCell.xib */; };
		4D541FCEE698D5909D54FD06 /* Pods_MovieInfo.framework in Frameworks */ = {isa = PBXBuildFile; fileRef = 6F7066FEB85122925B40E0E2 /* Pods_MovieInfo.framework */; };
/* End PBXBuildFile section */

/* Begin PBXFileReference section */
		32152EC92B76D19B00346591 /* MovieInfo.app */ = {isa = PBXFileReference; explicitFileType = wrapper.application; includeInIndex = 0; path = MovieInfo.app; sourceTree = BUILT_PRODUCTS_DIR; };
		32152ECC2B76D19B00346591 /* AppDelegate.swift */ = {isa = PBXFileReference; lastKnownFileType = sourcecode.swift; path = AppDelegate.swift; sourceTree = "<group>"; };
		32152ECE2B76D19B00346591 /* SceneDelegate.swift */ = {isa = PBXFileReference; lastKnownFileType = sourcecode.swift; path = SceneDelegate.swift; sourceTree = "<group>"; };
		32152ED02B76D19B00346591 /* ViewController.swift */ = {isa = PBXFileReference; lastKnownFileType = sourcecode.swift; path = ViewController.swift; sourceTree = "<group>"; };
		32152ED32B76D19B00346591 /* Base */ = {isa = PBXFileReference; lastKnownFileType = file.storyboard; name = Base; path = Base.lproj/Main.storyboard; sourceTree = "<group>"; };
		32152ED52B76D19D00346591 /* Assets.xcassets */ = {isa = PBXFileReference; lastKnownFileType = folder.assetcatalog; path = Assets.xcassets; sourceTree = "<group>"; };
		32152ED82B76D19D00346591 /* Base */ = {isa = PBXFileReference; lastKnownFileType = file.storyboard; name = Base; path = Base.lproj/LaunchScreen.storyboard; sourceTree = "<group>"; };
		32152EDA2B76D19D00346591 /* Info.plist */ = {isa = PBXFileReference; lastKnownFileType = text.plist.xml; path = Info.plist; sourceTree = "<group>"; };
		32152EF32B76EF9F00346591 /* TempConstants.swift */ = {isa = PBXFileReference; fileEncoding = 4; lastKnownFileType = sourcecode.swift; path = TempConstants.swift; sourceTree = "<group>"; };
		32152EFB2B76F0CC00346591 /* HomeDataSourceManager.swift */ = {isa = PBXFileReference; lastKnownFileType = sourcecode.swift; path = HomeDataSourceManager.swift; sourceTree = "<group>"; };
		32152F052B76F35900346591 /* ServiceInterceptor.swift */ = {isa = PBXFileReference; lastKnownFileType = sourcecode.swift; path = ServiceInterceptor.swift; sourceTree = "<group>"; };
		32152F072B76F3AF00346591 /* ServiceRouter.swift */ = {isa = PBXFileReference; lastKnownFileType = sourcecode.swift; path = ServiceRouter.swift; sourceTree = "<group>"; };
		32152F092B77023B00346591 /* Movies.swift */ = {isa = PBXFileReference; lastKnownFileType = sourcecode.swift; path = Movies.swift; sourceTree = "<group>"; };
		32152F122B77460C00346591 /* LoginViewController.swift */ = {isa = PBXFileReference; lastKnownFileType = sourcecode.swift; path = LoginViewController.swift; sourceTree = "<group>"; };
		32152F172B774F4600346591 /* CustomTextField.swift */ = {isa = PBXFileReference; lastKnownFileType = sourcecode.swift; path = CustomTextField.swift; sourceTree = "<group>"; };
		32152F192B77E01E00346591 /* CustomButton.swift */ = {isa = PBXFileReference; lastKnownFileType = sourcecode.swift; path = CustomButton.swift; sourceTree = "<group>"; };
		32152F1C2B77F93A00346591 /* LoginProtocols.swift */ = {isa = PBXFileReference; lastKnownFileType = sourcecode.swift; path = LoginProtocols.swift; sourceTree = "<group>"; };
		32152F1E2B78061700346591 /* LoginRouter.swift */ = {isa = PBXFileReference; lastKnownFileType = sourcecode.swift; path = LoginRouter.swift; sourceTree = "<group>"; };
		32152F202B78062800346591 /* LoginPresenter.swift */ = {isa = PBXFileReference; lastKnownFileType = sourcecode.swift; path = LoginPresenter.swift; sourceTree = "<group>"; };
		32152F222B78063400346591 /* LoginInteractor.swift */ = {isa = PBXFileReference; lastKnownFileType = sourcecode.swift; path = LoginInteractor.swift; sourceTree = "<group>"; };
		32C795B22B780CDE00237FD3 /* LoginStoryboard.storyboard */ = {isa = PBXFileReference; lastKnownFileType = file.storyboard; path = LoginStoryboard.storyboard; sourceTree = "<group>"; };
		32C795B52B782F4D00237FD3 /* MovieInfoLocalData.xcdatamodel */ = {isa = PBXFileReference; lastKnownFileType = wrapper.xcdatamodel; path = MovieInfoLocalData.xcdatamodel; sourceTree = "<group>"; };
		32C795B82B7832D600237FD3 /* LoginDataSourcesManager.swift */ = {isa = PBXFileReference; lastKnownFileType = sourcecode.swift; path = LoginDataSourcesManager.swift; sourceTree = "<group>"; };
		32C795C02B793B5900237FD3 /* Helpers.swift */ = {isa = PBXFileReference; lastKnownFileType = sourcecode.swift; path = Helpers.swift; sourceTree = "<group>"; };
		32C795DB2B7C1B8F00237FD3 /* HomeViewController.swift */ = {isa = PBXFileReference; lastKnownFileType = sourcecode.swift; path = HomeViewController.swift; sourceTree = "<group>"; };
		32C795DD2B7C1B9F00237FD3 /* HomeStoryboard.storyboard */ = {isa = PBXFileReference; lastKnownFileType = file.storyboard; path = HomeStoryboard.storyboard; sourceTree = "<group>"; };
		32C795DF2B7C1BAD00237FD3 /* HomeProtocols.swift */ = {isa = PBXFileReference; lastKnownFileType = sourcecode.swift; path = HomeProtocols.swift; sourceTree = "<group>"; };
		32C795E12B7C1BB900237FD3 /* HomeRouter.swift */ = {isa = PBXFileReference; lastKnownFileType = sourcecode.swift; path = HomeRouter.swift; sourceTree = "<group>"; };
		32C795E32B7C1BC000237FD3 /* HomePresenter.swift */ = {isa = PBXFileReference; lastKnownFileType = sourcecode.swift; path = HomePresenter.swift; sourceTree = "<group>"; };
		32C795E52B7C1BD000237FD3 /* HomeInteractor.swift */ = {isa = PBXFileReference; lastKnownFileType = sourcecode.swift; path = HomeInteractor.swift; sourceTree = "<group>"; };
		32C795E72B7C2A6500237FD3 /* MoviesDetails.swift */ = {isa = PBXFileReference; lastKnownFileType = sourcecode.swift; path = MoviesDetails.swift; sourceTree = "<group>"; };
		32C795EA2B7C2C3C00237FD3 /* Connectivity.swift */ = {isa = PBXFileReference; lastKnownFileType = sourcecode.swift; path = Connectivity.swift; sourceTree = "<group>"; };
		32C795EC2B7C3BF200237FD3 /* MovieTableViewCell.swift */ = {isa = PBXFileReference; lastKnownFileType = sourcecode.swift; path = MovieTableViewCell.swift; sourceTree = "<group>"; };
		32C795ED2B7C3BF200237FD3 /* MovieTableViewCell.xib */ = {isa = PBXFileReference; lastKnownFileType = file.xib; path = MovieTableViewCell.xib; sourceTree = "<group>"; };
		3A8DAA48E31166DB6C3F60FD /* Pods-MovieInfo.debug.xcconfig */ = {isa = PBXFileReference; includeInIndex = 1; lastKnownFileType = text.xcconfig; name = "Pods-MovieInfo.debug.xcconfig"; path = "Target Support Files/Pods-MovieInfo/Pods-MovieInfo.debug.xcconfig"; sourceTree = "<group>"; };
		6F7066FEB85122925B40E0E2 /* Pods_MovieInfo.framework */ = {isa = PBXFileReference; explicitFileType = wrapper.framework; includeInIndex = 0; path = Pods_MovieInfo.framework; sourceTree = BUILT_PRODUCTS_DIR; };
		ECB38869EFB44508D2F80B32 /* Pods-MovieInfo.release.xcconfig */ = {isa = PBXFileReference; includeInIndex = 1; lastKnownFileType = text.xcconfig; name = "Pods-MovieInfo.release.xcconfig"; path = "Target Support Files/Pods-MovieInfo/Pods-MovieInfo.release.xcconfig"; sourceTree = "<group>"; };
/* End PBXFileReference section */

/* Begin PBXFrameworksBuildPhase section */
		32152EC62B76D19B00346591 /* Frameworks */ = {
			isa = PBXFrameworksBuildPhase;
			buildActionMask = 2147483647;
			files = (
				4D541FCEE698D5909D54FD06 /* Pods_MovieInfo.framework in Frameworks */,
			);
			runOnlyForDeploymentPostprocessing = 0;
		};
/* End PBXFrameworksBuildPhase section */

/* Begin PBXGroup section */
		32152EC02B76D19B00346591 = {
			isa = PBXGroup;
			children = (
				32152ECB2B76D19B00346591 /* MovieInfo */,
				32152ECA2B76D19B00346591 /* Products */,
				C74979DCAB3FF4B49A0DB868 /* Pods */,
				3BC36F3A158256AD9380A2BE /* Frameworks */,
			);
			sourceTree = "<group>";
		};
		32152ECA2B76D19B00346591 /* Products */ = {
			isa = PBXGroup;
			children = (
				32152EC92B76D19B00346591 /* MovieInfo.app */,
			);
			name = Products;
			sourceTree = "<group>";
		};
		32152ECB2B76D19B00346591 /* MovieInfo */ = {
			isa = PBXGroup;
			children = (
				32152EF32B76EF9F00346591 /* TempConstants.swift */,
				32152ECC2B76D19B00346591 /* AppDelegate.swift */,
				32152ECE2B76D19B00346591 /* SceneDelegate.swift */,
				32152ED02B76D19B00346591 /* ViewController.swift */,
				32152ED22B76D19B00346591 /* Main.storyboard */,
				32152ED52B76D19D00346591 /* Assets.xcassets */,
				32152ED72B76D19D00346591 /* LaunchScreen.storyboard */,
				32152EDA2B76D19D00346591 /* Info.plist */,
				32152EFF2B76F2D800346591 /* Generals */,
				32152F002B76F2DF00346591 /* Modules */,
				32152F012B76F2E500346591 /* Entities */,
				32152EFA2B76F08700346591 /* DataSources */,
				32152F032B76F30600346591 /* Wireframe */,
				32152F022B76F2FF00346591 /* Storyboards */,
			);
			path = MovieInfo;
			sourceTree = "<group>";
		};
		32152EFA2B76F08700346591 /* DataSources */ = {
			isa = PBXGroup;
			children = (
				32152EFB2B76F0CC00346591 /* HomeDataSourceManager.swift */,
				32C795B82B7832D600237FD3 /* LoginDataSourcesManager.swift */,
			);
			path = DataSources;
			sourceTree = "<group>";
		};
		32152EFF2B76F2D800346591 /* Generals */ = {
			isa = PBXGroup;
			children = (
				32C795E92B7C2C2700237FD3 /* Classes */,
				32152F162B774F3500346591 /* Extensions */,
			);
			path = Generals;
			sourceTree = "<group>";
		};
		32152F002B76F2DF00346591 /* Modules */ = {
			isa = PBXGroup;
			children = (
				32C795D52B7C1B4500237FD3 /* Home */,
				32152F0B2B77455B00346591 /* Authentication */,
			);
			path = Modules;
			sourceTree = "<group>";
		};
		32152F012B76F2E500346591 /* Entities */ = {
			isa = PBXGroup;
			children = (
				32152F092B77023B00346591 /* Movies.swift */,
				32C795E72B7C2A6500237FD3 /* MoviesDetails.swift */,
				32C795B42B782F4D00237FD3 /* MovieInfoLocalData.xcdatamodeld */,
			);
			path = Entities;
			sourceTree = "<group>";
		};
		32152F022B76F2FF00346591 /* Storyboards */ = {
			isa = PBXGroup;
			children = (
				32C795B22B780CDE00237FD3 /* LoginStoryboard.storyboard */,
				32C795DD2B7C1B9F00237FD3 /* HomeStoryboard.storyboard */,
				32C795ED2B7C3BF200237FD3 /* MovieTableViewCell.xib */,
			);
			path = Storyboards;
			sourceTree = "<group>";
		};
		32152F032B76F30600346591 /* Wireframe */ = {
			isa = PBXGroup;
			children = (
				32152F042B76F33200346591 /* Remote */,
			);
			path = Wireframe;
			sourceTree = "<group>";
		};
		32152F042B76F33200346591 /* Remote */ = {
			isa = PBXGroup;
			children = (
				32152F052B76F35900346591 /* ServiceInterceptor.swift */,
				32152F072B76F3AF00346591 /* ServiceRouter.swift */,
			);
			path = Remote;
			sourceTree = "<group>";
		};
		32152F0B2B77455B00346591 /* Authentication */ = {
			isa = PBXGroup;
			children = (
				32152F0F2B7745D000346591 /* View */,
				32152F0E2B7745C900346591 /* Interactor */,
				32152F0D2B7745AF00346591 /* Presenter */,
				32152F0C2B7745A200346591 /* Router */,
				32152F1B2B77F90400346591 /* Protocol */,
			);
			path = Authentication;
			sourceTree = "<group>";
		};
		32152F0C2B7745A200346591 /* Router */ = {
			isa = PBXGroup;
			children = (
				32152F1E2B78061700346591 /* LoginRouter.swift */,
			);
			path = Router;
			sourceTree = "<group>";
		};
		32152F0D2B7745AF00346591 /* Presenter */ = {
			isa = PBXGroup;
			children = (
				32152F202B78062800346591 /* LoginPresenter.swift */,
			);
			path = Presenter;
			sourceTree = "<group>";
		};
		32152F0E2B7745C900346591 /* Interactor */ = {
			isa = PBXGroup;
			children = (
				32152F222B78063400346591 /* LoginInteractor.swift */,
			);
			path = Interactor;
			sourceTree = "<group>";
		};
		32152F0F2B7745D000346591 /* View */ = {
			isa = PBXGroup;
			children = (
				32152F122B77460C00346591 /* LoginViewController.swift */,
			);
			path = View;
			sourceTree = "<group>";
		};
		32152F162B774F3500346591 /* Extensions */ = {
			isa = PBXGroup;
			children = (
				32C795C02B793B5900237FD3 /* Helpers.swift */,
			);
			path = Extensions;
			sourceTree = "<group>";
		};
		32152F1B2B77F90400346591 /* Protocol */ = {
			isa = PBXGroup;
			children = (
				32152F1C2B77F93A00346591 /* LoginProtocols.swift */,
			);
			path = Protocol;
			sourceTree = "<group>";
		};
		32C795D52B7C1B4500237FD3 /* Home */ = {
			isa = PBXGroup;
			children = (
				32C795DA2B7C1B6E00237FD3 /* View */,
				32C795D92B7C1B6800237FD3 /* Interactor */,
				32C795D82B7C1B6100237FD3 /* Presenter */,
				32C795D72B7C1B5A00237FD3 /* Router */,
				32C795D62B7C1B4D00237FD3 /* Protocols */,
			);
			path = Home;
			sourceTree = "<group>";
		};
		32C795D62B7C1B4D00237FD3 /* Protocols */ = {
			isa = PBXGroup;
			children = (
				32C795DF2B7C1BAD00237FD3 /* HomeProtocols.swift */,
			);
			path = Protocols;
			sourceTree = "<group>";
		};
		32C795D72B7C1B5A00237FD3 /* Router */ = {
			isa = PBXGroup;
			children = (
				32C795E12B7C1BB900237FD3 /* HomeRouter.swift */,
			);
			path = Router;
			sourceTree = "<group>";
		};
		32C795D82B7C1B6100237FD3 /* Presenter */ = {
			isa = PBXGroup;
			children = (
				32C795E32B7C1BC000237FD3 /* HomePresenter.swift */,
			);
			path = Presenter;
			sourceTree = "<group>";
		};
		32C795D92B7C1B6800237FD3 /* Interactor */ = {
			isa = PBXGroup;
			children = (
				32C795E52B7C1BD000237FD3 /* HomeInteractor.swift */,
			);
			path = Interactor;
			sourceTree = "<group>";
		};
		32C795DA2B7C1B6E00237FD3 /* View */ = {
			isa = PBXGroup;
			children = (
				32C795DB2B7C1B8F00237FD3 /* HomeViewController.swift */,
				32C795EC2B7C3BF200237FD3 /* MovieTableViewCell.swift */,
			);
			path = View;
			sourceTree = "<group>";
		};
		32C795E92B7C2C2700237FD3 /* Classes */ = {
			isa = PBXGroup;
			children = (
				32152F172B774F4600346591 /* CustomTextField.swift */,
				32152F192B77E01E00346591 /* CustomButton.swift */,
				32C795EA2B7C2C3C00237FD3 /* Connectivity.swift */,
			);
			path = Classes;
			sourceTree = "<group>";
		};
		3BC36F3A158256AD9380A2BE /* Frameworks */ = {
			isa = PBXGroup;
			children = (
				6F7066FEB85122925B40E0E2 /* Pods_MovieInfo.framework */,
			);
			name = Frameworks;
			sourceTree = "<group>";
		};
		C74979DCAB3FF4B49A0DB868 /* Pods */ = {
			isa = PBXGroup;
			children = (
				3A8DAA48E31166DB6C3F60FD /* Pods-MovieInfo.debug.xcconfig */,
				ECB38869EFB44508D2F80B32 /* Pods-MovieInfo.release.xcconfig */,
			);
			path = Pods;
			sourceTree = "<group>";
		};
/* End PBXGroup section */

/* Begin PBXNativeTarget section */
		32152EC82B76D19B00346591 /* MovieInfo */ = {
			isa = PBXNativeTarget;
			buildConfigurationList = 32152EDD2B76D19D00346591 /* Build configuration list for PBXNativeTarget "MovieInfo" */;
			buildPhases = (
				D1614C8EB30FE689C7CB2CC6 /* [CP] Check Pods Manifest.lock */,
				32152EC52B76D19B00346591 /* Sources */,
				32152EC62B76D19B00346591 /* Frameworks */,
				32152EC72B76D19B00346591 /* Resources */,
				D5E230FDE73A6AC94C3C1F8A /* [CP] Embed Pods Frameworks */,
			);
			buildRules = (
			);
			dependencies = (
			);
			name = MovieInfo;
			productName = MovieInfo;
			productReference = 32152EC92B76D19B00346591 /* MovieInfo.app */;
			productType = "com.apple.product-type.application";
		};
/* End PBXNativeTarget section */

/* Begin PBXProject section */
		32152EC12B76D19B00346591 /* Project object */ = {
			isa = PBXProject;
			attributes = {
				BuildIndependentTargetsInParallel = 1;
				LastSwiftUpdateCheck = 1510;
				LastUpgradeCheck = 1510;
				TargetAttributes = {
					32152EC82B76D19B00346591 = {
						CreatedOnToolsVersion = 15.1;
					};
				};
			};
			buildConfigurationList = 32152EC42B76D19B00346591 /* Build configuration list for PBXProject "MovieInfo" */;
			compatibilityVersion = "Xcode 14.0";
			developmentRegion = en;
			hasScannedForEncodings = 0;
			knownRegions = (
				en,
				Base,
			);
			mainGroup = 32152EC02B76D19B00346591;
			productRefGroup = 32152ECA2B76D19B00346591 /* Products */;
			projectDirPath = "";
			projectRoot = "";
			targets = (
				32152EC82B76D19B00346591 /* MovieInfo */,
			);
		};
/* End PBXProject section */

/* Begin PBXResourcesBuildPhase section */
		32152EC72B76D19B00346591 /* Resources */ = {
			isa = PBXResourcesBuildPhase;
			buildActionMask = 2147483647;
			files = (
				32C795B32B780CDE00237FD3 /* LoginStoryboard.storyboard in Resources */,
				32152ED92B76D19D00346591 /* LaunchScreen.storyboard in Resources */,
				32C795EF2B7C3BF200237FD3 /* MovieTableViewCell.xib in Resources */,
				32152ED62B76D19D00346591 /* Assets.xcassets in Resources */,
				32152ED42B76D19B00346591 /* Main.storyboard in Resources */,
				32C795DE2B7C1B9F00237FD3 /* HomeStoryboard.storyboard in Resources */,
			);
			runOnlyForDeploymentPostprocessing = 0;
		};
/* End PBXResourcesBuildPhase section */

/* Begin PBXShellScriptBuildPhase section */
		D1614C8EB30FE689C7CB2CC6 /* [CP] Check Pods Manifest.lock */ = {
			isa = PBXShellScriptBuildPhase;
			buildActionMask = 2147483647;
			files = (
			);
			inputFileListPaths = (
			);
			inputPaths = (
				"${PODS_PODFILE_DIR_PATH}/Podfile.lock",
				"${PODS_ROOT}/Manifest.lock",
			);
			name = "[CP] Check Pods Manifest.lock";
			outputFileListPaths = (
			);
			outputPaths = (
				"$(DERIVED_FILE_DIR)/Pods-MovieInfo-checkManifestLockResult.txt",
			);
			runOnlyForDeploymentPostprocessing = 0;
			shellPath = /bin/sh;
			shellScript = "diff \"${PODS_PODFILE_DIR_PATH}/Podfile.lock\" \"${PODS_ROOT}/Manifest.lock\" > /dev/null\nif [ $? != 0 ] ; then\n    # print error to STDERR\n    echo \"error: The sandbox is not in sync with the Podfile.lock. Run 'pod install' or update your CocoaPods installation.\" >&2\n    exit 1\nfi\n# This output is used by Xcode 'outputs' to avoid re-running this script phase.\necho \"SUCCESS\" > \"${SCRIPT_OUTPUT_FILE_0}\"\n";
			showEnvVarsInLog = 0;
		};
		D5E230FDE73A6AC94C3C1F8A /* [CP] Embed Pods Frameworks */ = {
			isa = PBXShellScriptBuildPhase;
			buildActionMask = 2147483647;
			files = (
			);
			inputFileListPaths = (
				"${PODS_ROOT}/Target Support Files/Pods-MovieInfo/Pods-MovieInfo-frameworks-${CONFIGURATION}-input-files.xcfilelist",
			);
			name = "[CP] Embed Pods Frameworks";
			outputFileListPaths = (
				"${PODS_ROOT}/Target Support Files/Pods-MovieInfo/Pods-MovieInfo-frameworks-${CONFIGURATION}-output-files.xcfilelist",
			);
			runOnlyForDeploymentPostprocessing = 0;
			shellPath = /bin/sh;
			shellScript = "\"${PODS_ROOT}/Target Support Files/Pods-MovieInfo/Pods-MovieInfo-frameworks.sh\"\n";
			showEnvVarsInLog = 0;
		};
/* End PBXShellScriptBuildPhase section */

/* Begin PBXSourcesBuildPhase section */
		32152EC52B76D19B00346591 /* Sources */ = {
			isa = PBXSourcesBuildPhase;
			buildActionMask = 2147483647;
			files = (
				32152F142B77460C00346591 /* LoginViewController.swift in Sources */,
				32C795E42B7C1BC100237FD3 /* HomePresenter.swift in Sources */,
				32C795EB2B7C2C3C00237FD3 /* Connectivity.swift in Sources */,
				32C795C12B793B5900237FD3 /* Helpers.swift in Sources */,
				32C795E62B7C1BD000237FD3 /* HomeInteractor.swift in Sources */,
				32152ED12B76D19B00346591 /* ViewController.swift in Sources */,
				32C795E02B7C1BAD00237FD3 /* HomeProtocols.swift in Sources */,
				32152F212B78062800346591 /* LoginPresenter.swift in Sources */,
				32152EF92B76EF9F00346591 /* TempConstants.swift in Sources */,
				32152F082B76F3AF00346591 /* ServiceRouter.swift in Sources */,
				32152F182B774F4600346591 /* CustomTextField.swift in Sources */,
				32152EFC2B76F0CC00346591 /* HomeDataSourceManager.swift in Sources */,
				32C795EE2B7C3BF200237FD3 /* MovieTableViewCell.swift in Sources */,
				32152F062B76F35900346591 /* ServiceInterceptor.swift in Sources */,
				32C795B62B782F4D00237FD3 /* MovieInfoLocalData.xcdatamodeld in Sources */,
				32152F232B78063400346591 /* LoginInteractor.swift in Sources */,
				32152F1A2B77E01E00346591 /* CustomButton.swift in Sources */,
				32152F0A2B77023B00346591 /* Movies.swift in Sources */,
				32152F1D2B77F93A00346591 /* LoginProtocols.swift in Sources */,
				32C795DC2B7C1B8F00237FD3 /* HomeViewController.swift in Sources */,
				32152ECD2B76D19B00346591 /* AppDelegate.swift in Sources */,
				32152F1F2B78061700346591 /* LoginRouter.swift in Sources */,
				32C795E82B7C2A6500237FD3 /* MoviesDetails.swift in Sources */,
				32152ECF2B76D19B00346591 /* SceneDelegate.swift in Sources */,
				32C795B92B7832D600237FD3 /* LoginDataSourcesManager.swift in Sources */,
				32C795E22B7C1BB900237FD3 /* HomeRouter.swift in Sources */,
			);
			runOnlyForDeploymentPostprocessing = 0;
		};
/* End PBXSourcesBuildPhase section */

/* Begin PBXVariantGroup section */
		32152ED22B76D19B00346591 /* Main.storyboard */ = {
			isa = PBXVariantGroup;
			children = (
				32152ED32B76D19B00346591 /* Base */,
			);
			name = Main.storyboard;
			sourceTree = "<group>";
		};
		32152ED72B76D19D00346591 /* LaunchScreen.storyboard */ = {
			isa = PBXVariantGroup;
			children = (
				32152ED82B76D19D00346591 /* Base */,
			);
			name = LaunchScreen.storyboard;
			sourceTree = "<group>";
		};
/* End PBXVariantGroup section */

/* Begin XCBuildConfiguration section */
		32152EDB2B76D19D00346591 /* Debug */ = {
			isa = XCBuildConfiguration;
			buildSettings = {
				ALWAYS_SEARCH_USER_PATHS = NO;
				ASSETCATALOG_COMPILER_GENERATE_SWIFT_ASSET_SYMBOL_EXTENSIONS = YES;
				CLANG_ANALYZER_NONNULL = YES;
				CLANG_ANALYZER_NUMBER_OBJECT_CONVERSION = YES_AGGRESSIVE;
				CLANG_CXX_LANGUAGE_STANDARD = "gnu++20";
				CLANG_ENABLE_MODULES = YES;
				CLANG_ENABLE_OBJC_ARC = YES;
				CLANG_ENABLE_OBJC_WEAK = YES;
				CLANG_WARN_BLOCK_CAPTURE_AUTORELEASING = YES;
				CLANG_WARN_BOOL_CONVERSION = YES;
				CLANG_WARN_COMMA = YES;
				CLANG_WARN_CONSTANT_CONVERSION = YES;
				CLANG_WARN_DEPRECATED_OBJC_IMPLEMENTATIONS = YES;
				CLANG_WARN_DIRECT_OBJC_ISA_USAGE = YES_ERROR;
				CLANG_WARN_DOCUMENTATION_COMMENTS = YES;
				CLANG_WARN_EMPTY_BODY = YES;
				CLANG_WARN_ENUM_CONVERSION = YES;
				CLANG_WARN_INFINITE_RECURSION = YES;
				CLANG_WARN_INT_CONVERSION = YES;
				CLANG_WARN_NON_LITERAL_NULL_CONVERSION = YES;
				CLANG_WARN_OBJC_IMPLICIT_RETAIN_SELF = YES;
				CLANG_WARN_OBJC_LITERAL_CONVERSION = YES;
				CLANG_WARN_OBJC_ROOT_CLASS = YES_ERROR;
				CLANG_WARN_QUOTED_INCLUDE_IN_FRAMEWORK_HEADER = YES;
				CLANG_WARN_RANGE_LOOP_ANALYSIS = YES;
				CLANG_WARN_STRICT_PROTOTYPES = YES;
				CLANG_WARN_SUSPICIOUS_MOVE = YES;
				CLANG_WARN_UNGUARDED_AVAILABILITY = YES_AGGRESSIVE;
				CLANG_WARN_UNREACHABLE_CODE = YES;
				CLANG_WARN__DUPLICATE_METHOD_MATCH = YES;
				COPY_PHASE_STRIP = NO;
				DEBUG_INFORMATION_FORMAT = dwarf;
				ENABLE_STRICT_OBJC_MSGSEND = YES;
				ENABLE_TESTABILITY = YES;
				ENABLE_USER_SCRIPT_SANDBOXING = NO;
				GCC_C_LANGUAGE_STANDARD = gnu17;
				GCC_DYNAMIC_NO_PIC = NO;
				GCC_NO_COMMON_BLOCKS = YES;
				GCC_OPTIMIZATION_LEVEL = 0;
				GCC_PREPROCESSOR_DEFINITIONS = (
					"DEBUG=1",
					"$(inherited)",
				);
				GCC_WARN_64_TO_32_BIT_CONVERSION = YES;
				GCC_WARN_ABOUT_RETURN_TYPE = YES_ERROR;
				GCC_WARN_UNDECLARED_SELECTOR = YES;
				GCC_WARN_UNINITIALIZED_AUTOS = YES_AGGRESSIVE;
				GCC_WARN_UNUSED_FUNCTION = YES;
				GCC_WARN_UNUSED_VARIABLE = YES;
				IPHONEOS_DEPLOYMENT_TARGET = 17.2;
				LOCALIZATION_PREFERS_STRING_CATALOGS = YES;
				MTL_ENABLE_DEBUG_INFO = INCLUDE_SOURCE;
				MTL_FAST_MATH = YES;
				ONLY_ACTIVE_ARCH = YES;
				SDKROOT = iphoneos;
				SWIFT_ACTIVE_COMPILATION_CONDITIONS = "DEBUG $(inherited)";
				SWIFT_OPTIMIZATION_LEVEL = "-Onone";
			};
			name = Debug;
		};
		32152EDC2B76D19D00346591 /* Release */ = {
			isa = XCBuildConfiguration;
			buildSettings = {
				ALWAYS_SEARCH_USER_PATHS = NO;
				ASSETCATALOG_COMPILER_GENERATE_SWIFT_ASSET_SYMBOL_EXTENSIONS = YES;
				CLANG_ANALYZER_NONNULL = YES;
				CLANG_ANALYZER_NUMBER_OBJECT_CONVERSION = YES_AGGRESSIVE;
				CLANG_CXX_LANGUAGE_STANDARD = "gnu++20";
				CLANG_ENABLE_MODULES = YES;
				CLANG_ENABLE_OBJC_ARC = YES;
				CLANG_ENABLE_OBJC_WEAK = YES;
				CLANG_WARN_BLOCK_CAPTURE_AUTORELEASING = YES;
				CLANG_WARN_BOOL_CONVERSION = YES;
				CLANG_WARN_COMMA = YES;
				CLANG_WARN_CONSTANT_CONVERSION = YES;
				CLANG_WARN_DEPRECATED_OBJC_IMPLEMENTATIONS = YES;
				CLANG_WARN_DIRECT_OBJC_ISA_USAGE = YES_ERROR;
				CLANG_WARN_DOCUMENTATION_COMMENTS = YES;
				CLANG_WARN_EMPTY_BODY = YES;
				CLANG_WARN_ENUM_CONVERSION = YES;
				CLANG_WARN_INFINITE_RECURSION = YES;
				CLANG_WARN_INT_CONVERSION = YES;
				CLANG_WARN_NON_LITERAL_NULL_CONVERSION = YES;
				CLANG_WARN_OBJC_IMPLICIT_RETAIN_SELF = YES;
				CLANG_WARN_OBJC_LITERAL_CONVERSION = YES;
				CLANG_WARN_OBJC_ROOT_CLASS = YES_ERROR;
				CLANG_WARN_QUOTED_INCLUDE_IN_FRAMEWORK_HEADER = YES;
				CLANG_WARN_RANGE_LOOP_ANALYSIS = YES;
				CLANG_WARN_STRICT_PROTOTYPES = YES;
				CLANG_WARN_SUSPICIOUS_MOVE = YES;
				CLANG_WARN_UNGUARDED_AVAILABILITY = YES_AGGRESSIVE;
				CLANG_WARN_UNREACHABLE_CODE = YES;
				CLANG_WARN__DUPLICATE_METHOD_MATCH = YES;
				COPY_PHASE_STRIP = NO;
				DEBUG_INFORMATION_FORMAT = "dwarf-with-dsym";
				ENABLE_NS_ASSERTIONS = NO;
				ENABLE_STRICT_OBJC_MSGSEND = YES;
				ENABLE_USER_SCRIPT_SANDBOXING = NO;
				GCC_C_LANGUAGE_STANDARD = gnu17;
				GCC_NO_COMMON_BLOCKS = YES;
				GCC_WARN_64_TO_32_BIT_CONVERSION = YES;
				GCC_WARN_ABOUT_RETURN_TYPE = YES_ERROR;
				GCC_WARN_UNDECLARED_SELECTOR = YES;
				GCC_WARN_UNINITIALIZED_AUTOS = YES_AGGRESSIVE;
				GCC_WARN_UNUSED_FUNCTION = YES;
				GCC_WARN_UNUSED_VARIABLE = YES;
				IPHONEOS_DEPLOYMENT_TARGET = 17.2;
				LOCALIZATION_PREFERS_STRING_CATALOGS = YES;
				MTL_ENABLE_DEBUG_INFO = NO;
				MTL_FAST_MATH = YES;
				SDKROOT = iphoneos;
				SWIFT_COMPILATION_MODE = wholemodule;
				VALIDATE_PRODUCT = YES;
			};
			name = Release;
		};
		32152EDE2B76D19D00346591 /* Debug */ = {
			isa = XCBuildConfiguration;
			baseConfigurationReference = 3A8DAA48E31166DB6C3F60FD /* Pods-MovieInfo.debug.xcconfig */;
			buildSettings = {
				ASSETCATALOG_COMPILER_APPICON_NAME = AppIcon;
				ASSETCATALOG_COMPILER_GLOBAL_ACCENT_COLOR_NAME = AccentColor;
				CODE_SIGN_STYLE = Automatic;
				CURRENT_PROJECT_VERSION = 1;
				DEVELOPMENT_TEAM = X27859B825;
				GENERATE_INFOPLIST_FILE = YES;
				INFOPLIST_FILE = MovieInfo/Info.plist;
				INFOPLIST_KEY_UIApplicationSupportsIndirectInputEvents = YES;
				INFOPLIST_KEY_UILaunchStoryboardName = LaunchScreen;
				INFOPLIST_KEY_UIMainStoryboardFile = Main;
				INFOPLIST_KEY_UISupportedInterfaceOrientations_iPad = "UIInterfaceOrientationPortrait UIInterfaceOrientationPortraitUpsideDown UIInterfaceOrientationLandscapeLeft UIInterfaceOrientationLandscapeRight";
				INFOPLIST_KEY_UISupportedInterfaceOrientations_iPhone = "UIInterfaceOrientationPortrait UIInterfaceOrientationLandscapeLeft UIInterfaceOrientationLandscapeRight";
				LD_RUNPATH_SEARCH_PATHS = (
					"$(inherited)",
					"@executable_path/Frameworks",
				);
				MARKETING_VERSION = 1.0;
				PRODUCT_BUNDLE_IDENTIFIER = com.evaldezz.MovieInfo;
				PRODUCT_NAME = "$(TARGET_NAME)";
				SWIFT_EMIT_LOC_STRINGS = YES;
				SWIFT_VERSION = 5.0;
				TARGETED_DEVICE_FAMILY = "1,2";
			};
			name = Debug;
		};
		32152EDF2B76D19D00346591 /* Release */ = {
			isa = XCBuildConfiguration;
			baseConfigurationReference = ECB38869EFB44508D2F80B32 /* Pods-MovieInfo.release.xcconfig */;
			buildSettings = {
				ASSETCATALOG_COMPILER_APPICON_NAME = AppIcon;
				ASSETCATALOG_COMPILER_GLOBAL_ACCENT_COLOR_NAME = AccentColor;
				CODE_SIGN_STYLE = Automatic;
				CURRENT_PROJECT_VERSION = 1;
				DEVELOPMENT_TEAM = X27859B825;
				GENERATE_INFOPLIST_FILE = YES;
				INFOPLIST_FILE = MovieInfo/Info.plist;
				INFOPLIST_KEY_UIApplicationSupportsIndirectInputEvents = YES;
				INFOPLIST_KEY_UILaunchStoryboardName = LaunchScreen;
				INFOPLIST_KEY_UIMainStoryboardFile = Main;
				INFOPLIST_KEY_UISupportedInterfaceOrientations_iPad = "UIInterfaceOrientationPortrait UIInterfaceOrientationPortraitUpsideDown UIInterfaceOrientationLandscapeLeft UIInterfaceOrientationLandscapeRight";
				INFOPLIST_KEY_UISupportedInterfaceOrientations_iPhone = "UIInterfaceOrientationPortrait UIInterfaceOrientationLandscapeLeft UIInterfaceOrientationLandscapeRight";
				LD_RUNPATH_SEARCH_PATHS = (
					"$(inherited)",
					"@executable_path/Frameworks",
				);
				MARKETING_VERSION = 1.0;
				PRODUCT_BUNDLE_IDENTIFIER = com.evaldezz.MovieInfo;
				PRODUCT_NAME = "$(TARGET_NAME)";
				SWIFT_EMIT_LOC_STRINGS = YES;
				SWIFT_VERSION = 5.0;
				TARGETED_DEVICE_FAMILY = "1,2";
			};
			name = Release;
		};
/* End XCBuildConfiguration section */

/* Begin XCConfigurationList section */
		32152EC42B76D19B00346591 /* Build configuration list for PBXProject "MovieInfo" */ = {
			isa = XCConfigurationList;
			buildConfigurations = (
				32152EDB2B76D19D00346591 /* Debug */,
				32152EDC2B76D19D00346591 /* Release */,
			);
			defaultConfigurationIsVisible = 0;
			defaultConfigurationName = Release;
		};
		32152EDD2B76D19D00346591 /* Build configuration list for PBXNativeTarget "MovieInfo" */ = {
			isa = XCConfigurationList;
			buildConfigurations = (
				32152EDE2B76D19D00346591 /* Debug */,
				32152EDF2B76D19D00346591 /* Release */,
			);
			defaultConfigurationIsVisible = 0;
			defaultConfigurationName = Release;
		};
/* End XCConfigurationList section */

/* Begin XCVersionGroup section */
		32C795B42B782F4D00237FD3 /* MovieInfoLocalData.xcdatamodeld */ = {
			isa = XCVersionGroup;
			children = (
				32C795B52B782F4D00237FD3 /* MovieInfoLocalData.xcdatamodel */,
			);
			currentVersion = 32C795B52B782F4D00237FD3 /* MovieInfoLocalData.xcdatamodel */;
			path = MovieInfoLocalData.xcdatamodeld;
			sourceTree = "<group>";
			versionGroupType = wrapper.xcdatamodel;
		};
/* End XCVersionGroup section */
	};
	rootObject = 32152EC12B76D19B00346591 /* Project object */;
}
